
Microsoft Visual Studio Solution File, Format Version 12.00
# Visual Studio Version 17
VisualStudioVersion = 17.0.31903.59
MinimumVisualStudioVersion = 10.0.40219.1
Project("{2150E333-8FDC-42A3-9474-1A3956D46DE8}") = "meta", "meta", "{37F104CF-1E10-C67E-9627-FA3F51CDABB8}"
EndProject
Project("{FAE04EC0-301F-11D3-BF4B-00C04F79EFBC}") = "WoW.Two.Sdk.Backend.Beta", "meta\WoW.Two.Sdk.Backend.Beta.csproj", "{32CB49C5-C4D5-4694-B93C-323A27D6A264}"
EndProject
Project("{2150E333-8FDC-42A3-9474-1A3956D46DE8}") = "foundation", "foundation", "{D25FCF7F-F972-C2B4-E84B-C1EE440C7ACA}"
EndProject
Project("{2150E333-8FDC-42A3-9474-1A3956D46DE8}") = "value-objects", "value-objects", "{3B9D412B-B687-C7C9-6528-E51EAD000F36}"
EndProject
Project("{FAE04EC0-301F-11D3-BF4B-00C04F79EFBC}") = "WoW.Two.Sdk.Backend.Beta.ValueObjects", "foundation\value-objects\WoW.Two.Sdk.Backend.Beta.ValueObjects.csproj", "{FE1102BE-376D-4835-B2DB-2A8CAF6B2065}"
EndProject
Project("{2150E333-8FDC-42A3-9474-1A3956D46DE8}") = "serialization", "serialization", "{1B041D54-501A-5FB9-201B-7CF5333A88F5}"
EndProject
Project("{FAE04EC0-301F-11D3-BF4B-00C04F79EFBC}") = "WoW.Two.Sdk.Backend.Beta.Serialization", "foundation\serialization\WoW.Two.Sdk.Backend.Beta.Serialization.csproj", "{A4149306-78C9-4B59-A6DB-55E577A3B8D4}"
EndProject
Project("{2150E333-8FDC-42A3-9474-1A3956D46DE8}") = "time", "time", "{D9C78821-3173-C960-BD90-C480B2024402}"
EndProject
Project("{FAE04EC0-301F-11D3-BF4B-00C04F79EFBC}") = "WoW.Two.Sdk.Backend.Beta.Time", "foundation\time\WoW.Two.Sdk.Backend.Beta.Time.csproj", "{4F63646F-BD12-45ED-942E-CA6D1F4C5E91}"
EndProject
Project("{2150E333-8FDC-42A3-9474-1A3956D46DE8}") = "results", "results", "{1F6BCED8-DB5D-B608-F70F-1FF746F8307A}"
EndProject
Project("{FAE04EC0-301F-11D3-BF4B-00C04F79EFBC}") = "WoW.Two.Sdk.Backend.Beta.Results", "foundation\results\WoW.Two.Sdk.Backend.Beta.Results.csproj", "{BC6F01E1-8D06-44FB-B9B7-5DE6C95B4894}"
EndProject
Project("{2150E333-8FDC-42A3-9474-1A3956D46DE8}") = "errors", "errors", "{9BA108CE-1CA9-BD5F-E049-7B78C0B7AAE8}"
EndProject
Project("{FAE04EC0-301F-11D3-BF4B-00C04F79EFBC}") = "WoW.Two.Sdk.Backend.Beta.Errors", "foundation\errors\WoW.Two.Sdk.Backend.Beta.Errors.csproj", "{73C0E578-957D-4DC4-B0DD-8CD3CDB58F77}"
EndProject
Project("{2150E333-8FDC-42A3-9474-1A3956D46DE8}") = "guards", "guards", "{BC3D39E4-7BE6-8FD3-6F87-88FD46EC8496}"
EndProject
Project("{FAE04EC0-301F-11D3-BF4B-00C04F79EFBC}") = "WoW.Two.Sdk.Backend.Beta.Guards", "foundation\guards\WoW.Two.Sdk.Backend.Beta.Guards.csproj", "{25CD5116-7133-4458-A8A9-569B274B3AB9}"
EndProject
Project("{2150E333-8FDC-42A3-9474-1A3956D46DE8}") = "validation", "validation", "{EF2245EE-072D-069A-A30A-62F6D07079E4}"
EndProject
Project("{FAE04EC0-301F-11D3-BF4B-00C04F79EFBC}") = "WoW.Two.Sdk.Backend.Beta.Validation", "foundation\validation\WoW.Two.Sdk.Backend.Beta.Validation.csproj", "{6C83F25F-A18E-43A4-861C-42692505B266}"
EndProject
Project("{2150E333-8FDC-42A3-9474-1A3956D46DE8}") = "testing", "testing", "{78DDA25A-7C38-13C4-DE39-740FEE45D7B1}"
EndProject
Project("{2150E333-8FDC-42A3-9474-1A3956D46DE8}") = "core", "core", "{BBBE43FF-FE7F-95A7-E6EE-8DF26DD4E894}"
EndProject
Project("{FAE04EC0-301F-11D3-BF4B-00C04F79EFBC}") = "WoW.Two.Sdk.Backend.Beta.Testing", "testing\core\WoW.Two.Sdk.Backend.Beta.Testing.csproj", "{498C25E1-26F7-4F2F-A02D-7963D35FDA83}"
EndProject
Project("{2150E333-8FDC-42A3-9474-1A3956D46DE8}") = "verify", "verify", "{11E59A8D-12D2-784F-2F71-20076F16151C}"
EndProject
Project("{FAE04EC0-301F-11D3-BF4B-00C04F79EFBC}") = "WoW.Two.Sdk.Backend.Beta.Testing.Verify", "testing\verify\WoW.Two.Sdk.Backend.Beta.Testing.Verify.csproj", "{59F13C33-12EA-468F-8E92-9F3CC41C5F5D}"
EndProject
Project("{2150E333-8FDC-42A3-9474-1A3956D46DE8}") = "containers-postgres", "containers-postgres", "{E29C18F4-AEC0-5A65-C17F-97A9ECA0D6CC}"
EndProject
Project("{FAE04EC0-301F-11D3-BF4B-00C04F79EFBC}") = "WoW.Two.Sdk.Backend.Beta.Testing.Containers.Postgres", "testing\containers-postgres\WoW.Two.Sdk.Backend.Beta.Testing.Containers.Postgres.csproj", "{B33F74D4-821A-4AAD-AE03-104FE3C27F7F}"
EndProject
Project("{2150E333-8FDC-42A3-9474-1A3956D46DE8}") = "containers", "containers", "{754EFA37-E844-4C2F-FCA2-3F869A70D31F}"
EndProject
Project("{FAE04EC0-301F-11D3-BF4B-00C04F79EFBC}") = "WoW.Two.Sdk.Backend.Beta.Testing.Containers", "testing\containers\WoW.Two.Sdk.Backend.Beta.Testing.Containers.csproj", "{B5AFAFA8-B972-41D5-A883-6F8DF71E7874}"
EndProject
Project("{2150E333-8FDC-42A3-9474-1A3956D46DE8}") = "bogus", "bogus", "{5759D5B7-70A4-421D-2605-8763211BB200}"
EndProject
Project("{FAE04EC0-301F-11D3-BF4B-00C04F79EFBC}") = "WoW.Two.Sdk.Backend.Beta.Testing.Bogus", "testing\bogus\WoW.Two.Sdk.Backend.Beta.Testing.Bogus.csproj", "{97A6B6BA-1131-491E-AED0-E72B1683C1CF}"
EndProject
Project("{2150E333-8FDC-42A3-9474-1A3956D46DE8}") = "containers-redis", "containers-redis", "{6DADDFD8-E313-BE6B-6379-6F1E5533C3E0}"
EndProject
Project("{FAE04EC0-301F-11D3-BF4B-00C04F79EFBC}") = "WoW.Two.Sdk.Backend.Beta.Testing.Containers.Redis", "testing\containers-redis\WoW.Two.Sdk.Backend.Beta.Testing.Containers.Redis.csproj", "{8ED2A449-D0CB-4893-B7E7-BDFCE63EF4A2}"
EndProject
Project("{2150E333-8FDC-42A3-9474-1A3956D46DE8}") = "assertions", "assertions", "{A5981367-8DF9-2FC1-1272-6B249FB63198}"
EndProject
Project("{FAE04EC0-301F-11D3-BF4B-00C04F79EFBC}") = "WoW.Two.Sdk.Backend.Beta.Testing.Assertions", "testing\assertions\WoW.Two.Sdk.Backend.Beta.Testing.Assertions.csproj", "{35E5F0EC-8A8A-443E-80F7-88C6DDFDB647}"
EndProject
Project("{2150E333-8FDC-42A3-9474-1A3956D46DE8}") = "containers-mongodb", "containers-mongodb", "{7587C046-1E49-6859-D58F-07E3D8EF83C5}"
EndProject
Project("{FAE04EC0-301F-11D3-BF4B-00C04F79EFBC}") = "WoW.Two.Sdk.Backend.Beta.Testing.Containers.MongoDb", "testing\containers-mongodb\WoW.Two.Sdk.Backend.Beta.Testing.Containers.MongoDb.csproj", "{4FFC56DE-F6BB-41B2-A0AE-D1469A788B16}"
EndProject
Project("{2150E333-8FDC-42A3-9474-1A3956D46DE8}") = "containers-azurite", "containers-azurite", "{10176749-AF19-1B0E-AD22-DF25BE0BCF7B}"
EndProject
Project("{FAE04EC0-301F-11D3-BF4B-00C04F79EFBC}") = "WoW.Two.Sdk.Backend.Beta.Testing.Containers.Azurite", "testing\containers-azurite\WoW.Two.Sdk.Backend.Beta.Testing.Containers.Azurite.csproj", "{F286B1CD-6153-4DC6-B70B-70EA74D2593C}"
EndProject
Project("{2150E333-8FDC-42A3-9474-1A3956D46DE8}") = "containers-rabbitmq", "containers-rabbitmq", "{93BDAD71-8765-84CF-6E1A-0D0ED00A3C6C}"
EndProject
Project("{FAE04EC0-301F-11D3-BF4B-00C04F79EFBC}") = "WoW.Two.Sdk.Backend.Beta.Testing.Containers.RabbitMq", "testing\containers-rabbitmq\WoW.Two.Sdk.Backend.Beta.Testing.Containers.RabbitMq.csproj", "{C9196E4C-C42B-4D27-A6EF-9CC5BFA4C934}"
EndProject
Project("{2150E333-8FDC-42A3-9474-1A3956D46DE8}") = "wiremock", "wiremock", "{A47C294F-EBE6-534C-C9AF-1E27BCDC709A}"
EndProject
Project("{FAE04EC0-301F-11D3-BF4B-00C04F79EFBC}") = "WoW.Two.Sdk.Backend.Beta.Testing.WireMock", "testing\wiremock\WoW.Two.Sdk.Backend.Beta.Testing.WireMock.csproj", "{5C09C88B-834D-4481-91C6-FA007588DEF0}"
EndProject
Project("{2150E333-8FDC-42A3-9474-1A3956D46DE8}") = "containers-kafka", "containers-kafka", "{71797F2A-80C0-2C38-80DA-B72980F6D20D}"
EndProject
Project("{FAE04EC0-301F-11D3-BF4B-00C04F79EFBC}") = "WoW.Two.Sdk.Backend.Beta.Testing.Containers.Kafka", "testing\containers-kafka\WoW.Two.Sdk.Backend.Beta.Testing.Containers.Kafka.csproj", "{D42B2A85-7B82-408E-BD1C-C3E459B059B0}"
EndProject
Project("{2150E333-8FDC-42A3-9474-1A3956D46DE8}") = "data", "data", "{015FE221-96B2-289B-A0E8-6E7354784A75}"
EndProject
Project("{2150E333-8FDC-42A3-9474-1A3956D46DE8}") = "abstractions", "abstractions", "{BE11573D-3A95-AC86-0B13-78CA7470ED4F}"
EndProject
Project("{FAE04EC0-301F-11D3-BF4B-00C04F79EFBC}") = "WoW.Two.Sdk.Backend.Beta.Data.Abstractions", "data\abstractions\WoW.Two.Sdk.Backend.Beta.Data.Abstractions.csproj", "{0F1FAE38-EE7C-46D0-AC4B-C4107552F872}"
EndProject
Project("{2150E333-8FDC-42A3-9474-1A3956D46DE8}") = "ef-core", "ef-core", "{3879ECBA-CF3A-ABFA-822D-94CA2A555B7F}"
EndProject
Project("{FAE04EC0-301F-11D3-BF4B-00C04F79EFBC}") = "WoW.Two.Sdk.Backend.Beta.Data.EntityFrameworkCore", "data\ef-core\WoW.Two.Sdk.Backend.Beta.Data.EntityFrameworkCore.csproj", "{BF2B3172-CCCE-400C-B4C3-0A783BF529E5}"
EndProject
Project("{2150E333-8FDC-42A3-9474-1A3956D46DE8}") = "ef-core-audit", "ef-core-audit", "{79D3C7B7-4A8B-227E-1AC8-10329EBBE5E1}"
EndProject
Project("{FAE04EC0-301F-11D3-BF4B-00C04F79EFBC}") = "WoW.Two.Sdk.Backend.Beta.Data.EntityFrameworkCore.Audit", "data\ef-core-audit\WoW.Two.Sdk.Backend.Beta.Data.EntityFrameworkCore.Audit.csproj", "{02E4606C-4FCC-4393-B705-9B5BACB3F4D0}"
EndProject
Project("{2150E333-8FDC-42A3-9474-1A3956D46DE8}") = "ef-core-soft-delete", "ef-core-soft-delete", "{5506E261-27A4-0DA1-620B-600F5F1C1E6B}"
EndProject
Project("{FAE04EC0-301F-11D3-BF4B-00C04F79EFBC}") = "WoW.Two.Sdk.Backend.Beta.Data.EntityFrameworkCore.SoftDelete", "data\ef-core-soft-delete\WoW.Two.Sdk.Backend.Beta.Data.EntityFrameworkCore.SoftDelete.csproj", "{37D5B071-39DE-4D6B-8AF2-9930FC9567AE}"
EndProject
Project("{2150E333-8FDC-42A3-9474-1A3956D46DE8}") = "ef-core-naming-conventions", "ef-core-naming-conventions", "{C4B6650B-39C0-D12B-9FCC-EC386F7BDC58}"
EndProject
Project("{FAE04EC0-301F-11D3-BF4B-00C04F79EFBC}") = "WoW.Two.Sdk.Backend.Beta.Data.EntityFrameworkCore.NamingConventions", "data\ef-core-naming-conventions\WoW.Two.Sdk.Backend.Beta.Data.EntityFrameworkCore.NamingConventions.csproj", "{1631A219-AA91-470E-B74A-5CE336E1B83F}"
EndProject
Project("{2150E333-8FDC-42A3-9474-1A3956D46DE8}") = "ef-core-json", "ef-core-json", "{2507A7CF-0FA9-FA2B-BFDB-87B7688DECD8}"
EndProject
Project("{FAE04EC0-301F-11D3-BF4B-00C04F79EFBC}") = "WoW.Two.Sdk.Backend.Beta.Data.EntityFrameworkCore.Json", "data\ef-core-json\WoW.Two.Sdk.Backend.Beta.Data.EntityFrameworkCore.Json.csproj", "{152421A5-7487-4F38-AAC1-857814106555}"
EndProject
Project("{2150E333-8FDC-42A3-9474-1A3956D46DE8}") = "ef-core-postgres", "ef-core-postgres", "{D63FE4AF-B81E-E43F-CE03-D25F6FB6F871}"
EndProject
Project("{FAE04EC0-301F-11D3-BF4B-00C04F79EFBC}") = "WoW.Two.Sdk.Backend.Beta.Data.EntityFrameworkCore.Postgres", "data\ef-core-postgres\WoW.Two.Sdk.Backend.Beta.Data.EntityFrameworkCore.Postgres.csproj", "{5694C162-0226-492C-8BDD-BCD3FCD821DE}"
EndProject
Project("{2150E333-8FDC-42A3-9474-1A3956D46DE8}") = "ef-core-sqlserver", "ef-core-sqlserver", "{6FB478D9-9025-DFAC-D677-4FEAC52A419D}"
EndProject
Project("{FAE04EC0-301F-11D3-BF4B-00C04F79EFBC}") = "WoW.Two.Sdk.Backend.Beta.Data.EntityFrameworkCore.SqlServer", "data\ef-core-sqlserver\WoW.Two.Sdk.Backend.Beta.Data.EntityFrameworkCore.SqlServer.csproj", "{A6D3485C-2562-4997-8DBC-DAAB0FC7BA20}"
EndProject
Project("{2150E333-8FDC-42A3-9474-1A3956D46DE8}") = "ef-core-mysql", "ef-core-mysql", "{A9236B83-8EA6-E845-7FF6-4E912DAD7D58}"
EndProject
Project("{FAE04EC0-301F-11D3-BF4B-00C04F79EFBC}") = "WoW.Two.Sdk.Backend.Beta.Data.EntityFrameworkCore.MySql", "data\ef-core-mysql\WoW.Two.Sdk.Backend.Beta.Data.EntityFrameworkCore.MySql.csproj", "{1EA73570-DF6F-4859-94DA-7F8176277A0C}"
EndProject
Project("{2150E333-8FDC-42A3-9474-1A3956D46DE8}") = "ef-core-sqlite", "ef-core-sqlite", "{E25189F8-8141-E94B-4EBC-5E4175006C8E}"
EndProject
Project("{FAE04EC0-301F-11D3-BF4B-00C04F79EFBC}") = "WoW.Two.Sdk.Backend.Beta.Data.EntityFrameworkCore.Sqlite", "data\ef-core-sqlite\WoW.Two.Sdk.Backend.Beta.Data.EntityFrameworkCore.Sqlite.csproj", "{ACFF61B8-6421-4259-AEFB-106287F90D7E}"
EndProject
Project("{2150E333-8FDC-42A3-9474-1A3956D46DE8}") = "ef-core-cosmos", "ef-core-cosmos", "{7B10C4EA-ECF7-4ADF-C980-4886F38167D8}"
EndProject
Project("{FAE04EC0-301F-11D3-BF4B-00C04F79EFBC}") = "WoW.Two.Sdk.Backend.Beta.Data.EntityFrameworkCore.Cosmos", "data\ef-core-cosmos\WoW.Two.Sdk.Backend.Beta.Data.EntityFrameworkCore.Cosmos.csproj", "{0A9947BA-7A21-4EBB-A81D-FD2E59C7AD99}"
EndProject
Project("{2150E333-8FDC-42A3-9474-1A3956D46DE8}") = "ef-core-bulk", "ef-core-bulk", "{733F49FD-0651-0B6F-8DB4-D479BF189003}"
EndProject
Project("{FAE04EC0-301F-11D3-BF4B-00C04F79EFBC}") = "WoW.Two.Sdk.Backend.Beta.Data.EntityFrameworkCore.Bulk", "data\ef-core-bulk\WoW.Two.Sdk.Backend.Beta.Data.EntityFrameworkCore.Bulk.csproj", "{932F2686-8946-4990-8A02-89CF179D221C}"
EndProject
Project("{2150E333-8FDC-42A3-9474-1A3956D46DE8}") = "ef-core-triggered", "ef-core-triggered", "{DE967DBB-2E91-AAFD-303B-337DE0F193FC}"
EndProject
Project("{FAE04EC0-301F-11D3-BF4B-00C04F79EFBC}") = "WoW.Two.Sdk.Backend.Beta.Data.EntityFrameworkCore.Triggered", "data\ef-core-triggered\WoW.Two.Sdk.Backend.Beta.Data.EntityFrameworkCore.Triggered.csproj", "{DF2A6142-A3D9-4943-B775-F1CAD19795A8}"
EndProject
Project("{2150E333-8FDC-42A3-9474-1A3956D46DE8}") = "ef-core-projectables", "ef-core-projectables", "{1751E7B3-2078-DE51-226C-81DF134D831A}"
EndProject
Project("{FAE04EC0-301F-11D3-BF4B-00C04F79EFBC}") = "WoW.Two.Sdk.Backend.Beta.Data.EntityFrameworkCore.Projectables", "data\ef-core-projectables\WoW.Two.Sdk.Backend.Beta.Data.EntityFrameworkCore.Projectables.csproj", "{9B406718-0CD4-4E37-9554-5397287BD04B}"
EndProject
Project("{2150E333-8FDC-42A3-9474-1A3956D46DE8}") = "dapper", "dapper", "{9EEE02A4-2FE6-3889-21C9-12013A174CF4}"
EndProject
Project("{FAE04EC0-301F-11D3-BF4B-00C04F79EFBC}") = "WoW.Two.Sdk.Backend.Beta.Data.Dapper", "data\dapper\WoW.Two.Sdk.Backend.Beta.Data.Dapper.csproj", "{8E3EAE70-AA65-4350-B5F9-8D5A764712A7}"
EndProject
Project("{2150E333-8FDC-42A3-9474-1A3956D46DE8}") = "specifications", "specifications", "{E26DCED0-01E6-0BCB-83BF-4C5A8F150659}"
EndProject
Project("{FAE04EC0-301F-11D3-BF4B-00C04F79EFBC}") = "WoW.Two.Sdk.Backend.Beta.Data.Specifications", "data\specifications\WoW.Two.Sdk.Backend.Beta.Data.Specifications.csproj", "{DC9728D8-9CA2-4889-9D0C-5A971916A012}"
EndProject
Project("{2150E333-8FDC-42A3-9474-1A3956D46DE8}") = "migrations-ef", "migrations-ef", "{2942E490-10FE-47FA-D5EB-542ED26FF1D6}"
EndProject
Project("{FAE04EC0-301F-11D3-BF4B-00C04F79EFBC}") = "WoW.Two.Sdk.Backend.Beta.Data.Migrations.Ef", "data\migrations-ef\WoW.Two.Sdk.Backend.Beta.Data.Migrations.Ef.csproj", "{21B3015A-AC7F-4AAC-8A50-B573C721D8E9}"
EndProject
Project("{2150E333-8FDC-42A3-9474-1A3956D46DE8}") = "migrations-dbup", "migrations-dbup", "{369C0091-EA8E-959F-5D89-13E3AF6DAAE2}"
EndProject
Project("{FAE04EC0-301F-11D3-BF4B-00C04F79EFBC}") = "WoW.Two.Sdk.Backend.Beta.Data.Migrations.DbUp", "data\migrations-dbup\WoW.Two.Sdk.Backend.Beta.Data.Migrations.DbUp.csproj", "{D1401FE3-552B-4D16-BB7C-C920BFD86662}"
EndProject
Project("{2150E333-8FDC-42A3-9474-1A3956D46DE8}") = "meta", "meta", "{D572FB6E-9FF0-CC6E-4FF7-E2B9419C2F67}"
EndProject
Project("{FAE04EC0-301F-11D3-BF4B-00C04F79EFBC}") = "WoW.Two.Sdk.Backend.Beta.Data", "data\meta\WoW.Two.Sdk.Backend.Beta.Data.csproj", "{2822DE4A-971D-456A-A00B-FC1192D6F6D5}"
EndProject
Global
	GlobalSection(SolutionConfigurationPlatforms) = preSolution
		Debug|Any CPU = Debug|Any CPU
		Debug|x64 = Debug|x64
		Debug|x86 = Debug|x86
		Release|Any CPU = Release|Any CPU
		Release|x64 = Release|x64
		Release|x86 = Release|x86
	EndGlobalSection
	GlobalSection(ProjectConfigurationPlatforms) = postSolution
		{32CB49C5-C4D5-4694-B93C-323A27D6A264}.Debug|Any CPU.ActiveCfg = Debug|Any CPU
		{32CB49C5-C4D5-4694-B93C-323A27D6A264}.Debug|Any CPU.Build.0 = Debug|Any CPU
		{32CB49C5-C4D5-4694-B93C-323A27D6A264}.Debug|x64.ActiveCfg = Debug|Any CPU
		{32CB49C5-C4D5-4694-B93C-323A27D6A264}.Debug|x64.Build.0 = Debug|Any CPU
		{32CB49C5-C4D5-4694-B93C-323A27D6A264}.Debug|x86.ActiveCfg = Debug|Any CPU
		{32CB49C5-C4D5-4694-B93C-323A27D6A264}.Debug|x86.Build.0 = Debug|Any CPU
		{32CB49C5-C4D5-4694-B93C-323A27D6A264}.Release|Any CPU.ActiveCfg = Release|Any CPU
		{32CB49C5-C4D5-4694-B93C-323A27D6A264}.Release|Any CPU.Build.0 = Release|Any CPU
		{32CB49C5-C4D5-4694-B93C-323A27D6A264}.Release|x64.ActiveCfg = Release|Any CPU
		{32CB49C5-C4D5-4694-B93C-323A27D6A264}.Release|x64.Build.0 = Release|Any CPU
		{32CB49C5-C4D5-4694-B93C-323A27D6A264}.Release|x86.ActiveCfg = Release|Any CPU
		{32CB49C5-C4D5-4694-B93C-323A27D6A264}.Release|x86.Build.0 = Release|Any CPU
		{FE1102BE-376D-4835-B2DB-2A8CAF6B2065}.Debug|Any CPU.ActiveCfg = Debug|Any CPU
		{FE1102BE-376D-4835-B2DB-2A8CAF6B2065}.Debug|Any CPU.Build.0 = Debug|Any CPU
		{FE1102BE-376D-4835-B2DB-2A8CAF6B2065}.Debug|x64.ActiveCfg = Debug|Any CPU
		{FE1102BE-376D-4835-B2DB-2A8CAF6B2065}.Debug|x64.Build.0 = Debug|Any CPU
		{FE1102BE-376D-4835-B2DB-2A8CAF6B2065}.Debug|x86.ActiveCfg = Debug|Any CPU
		{FE1102BE-376D-4835-B2DB-2A8CAF6B2065}.Debug|x86.Build.0 = Debug|Any CPU
		{FE1102BE-376D-4835-B2DB-2A8CAF6B2065}.Release|Any CPU.ActiveCfg = Release|Any CPU
		{FE1102BE-376D-4835-B2DB-2A8CAF6B2065}.Release|Any CPU.Build.0 = Release|Any CPU
		{FE1102BE-376D-4835-B2DB-2A8CAF6B2065}.Release|x64.ActiveCfg = Release|Any CPU
		{FE1102BE-376D-4835-B2DB-2A8CAF6B2065}.Release|x64.Build.0 = Release|Any CPU
		{FE1102BE-376D-4835-B2DB-2A8CAF6B2065}.Release|x86.ActiveCfg = Release|Any CPU
		{FE1102BE-376D-4835-B2DB-2A8CAF6B2065}.Release|x86.Build.0 = Release|Any CPU
		{A4149306-78C9-4B59-A6DB-55E577A3B8D4}.Debug|Any CPU.ActiveCfg = Debug|Any CPU
		{A4149306-78C9-4B59-A6DB-55E577A3B8D4}.Debug|Any CPU.Build.0 = Debug|Any CPU
		{A4149306-78C9-4B59-A6DB-55E577A3B8D4}.Debug|x64.ActiveCfg = Debug|Any CPU
		{A4149306-78C9-4B59-A6DB-55E577A3B8D4}.Debug|x64.Build.0 = Debug|Any CPU
		{A4149306-78C9-4B59-A6DB-55E577A3B8D4}.Debug|x86.ActiveCfg = Debug|Any CPU
		{A4149306-78C9-4B59-A6DB-55E577A3B8D4}.Debug|x86.Build.0 = Debug|Any CPU
		{A4149306-78C9-4B59-A6DB-55E577A3B8D4}.Release|Any CPU.ActiveCfg = Release|Any CPU
		{A4149306-78C9-4B59-A6DB-55E577A3B8D4}.Release|Any CPU.Build.0 = Release|Any CPU
		{A4149306-78C9-4B59-A6DB-55E577A3B8D4}.Release|x64.ActiveCfg = Release|Any CPU
		{A4149306-78C9-4B59-A6DB-55E577A3B8D4}.Release|x64.Build.0 = Release|Any CPU
		{A4149306-78C9-4B59-A6DB-55E577A3B8D4}.Release|x86.ActiveCfg = Release|Any CPU
		{A4149306-78C9-4B59-A6DB-55E577A3B8D4}.Release|x86.Build.0 = Release|Any CPU
		{4F63646F-BD12-45ED-942E-CA6D1F4C5E91}.Debug|Any CPU.ActiveCfg = Debug|Any CPU
		{4F63646F-BD12-45ED-942E-CA6D1F4C5E91}.Debug|Any CPU.Build.0 = Debug|Any CPU
		{4F63646F-BD12-45ED-942E-CA6D1F4C5E91}.Debug|x64.ActiveCfg = Debug|Any CPU
		{4F63646F-BD12-45ED-942E-CA6D1F4C5E91}.Debug|x64.Build.0 = Debug|Any CPU
		{4F63646F-BD12-45ED-942E-CA6D1F4C5E91}.Debug|x86.ActiveCfg = Debug|Any CPU
		{4F63646F-BD12-45ED-942E-CA6D1F4C5E91}.Debug|x86.Build.0 = Debug|Any CPU
		{4F63646F-BD12-45ED-942E-CA6D1F4C5E91}.Release|Any CPU.ActiveCfg = Release|Any CPU
		{4F63646F-BD12-45ED-942E-CA6D1F4C5E91}.Release|Any CPU.Build.0 = Release|Any CPU
		{4F63646F-BD12-45ED-942E-CA6D1F4C5E91}.Release|x64.ActiveCfg = Release|Any CPU
		{4F63646F-BD12-45ED-942E-CA6D1F4C5E91}.Release|x64.Build.0 = Release|Any CPU
		{4F63646F-BD12-45ED-942E-CA6D1F4C5E91}.Release|x86.ActiveCfg = Release|Any CPU
		{4F63646F-BD12-45ED-942E-CA6D1F4C5E91}.Release|x86.Build.0 = Release|Any CPU
		{BC6F01E1-8D06-44FB-B9B7-5DE6C95B4894}.Debug|Any CPU.ActiveCfg = Debug|Any CPU
		{BC6F01E1-8D06-44FB-B9B7-5DE6C95B4894}.Debug|Any CPU.Build.0 = Debug|Any CPU
		{BC6F01E1-8D06-44FB-B9B7-5DE6C95B4894}.Debug|x64.ActiveCfg = Debug|Any CPU
		{BC6F01E1-8D06-44FB-B9B7-5DE6C95B4894}.Debug|x64.Build.0 = Debug|Any CPU
		{BC6F01E1-8D06-44FB-B9B7-5DE6C95B4894}.Debug|x86.ActiveCfg = Debug|Any CPU
		{BC6F01E1-8D06-44FB-B9B7-5DE6C95B4894}.Debug|x86.Build.0 = Debug|Any CPU
		{BC6F01E1-8D06-44FB-B9B7-5DE6C95B4894}.Release|Any CPU.ActiveCfg = Release|Any CPU
		{BC6F01E1-8D06-44FB-B9B7-5DE6C95B4894}.Release|Any CPU.Build.0 = Release|Any CPU
		{BC6F01E1-8D06-44FB-B9B7-5DE6C95B4894}.Release|x64.ActiveCfg = Release|Any CPU
		{BC6F01E1-8D06-44FB-B9B7-5DE6C95B4894}.Release|x64.Build.0 = Release|Any CPU
		{BC6F01E1-8D06-44FB-B9B7-5DE6C95B4894}.Release|x86.ActiveCfg = Release|Any CPU
		{BC6F01E1-8D06-44FB-B9B7-5DE6C95B4894}.Release|x86.Build.0 = Release|Any CPU
		{73C0E578-957D-4DC4-B0DD-8CD3CDB58F77}.Debug|Any CPU.ActiveCfg = Debug|Any CPU
		{73C0E578-957D-4DC4-B0DD-8CD3CDB58F77}.Debug|Any CPU.Build.0 = Debug|Any CPU
		{73C0E578-957D-4DC4-B0DD-8CD3CDB58F77}.Debug|x64.ActiveCfg = Debug|Any CPU
		{73C0E578-957D-4DC4-B0DD-8CD3CDB58F77}.Debug|x64.Build.0 = Debug|Any CPU
		{73C0E578-957D-4DC4-B0DD-8CD3CDB58F77}.Debug|x86.ActiveCfg = Debug|Any CPU
		{73C0E578-957D-4DC4-B0DD-8CD3CDB58F77}.Debug|x86.Build.0 = Debug|Any CPU
		{73C0E578-957D-4DC4-B0DD-8CD3CDB58F77}.Release|Any CPU.ActiveCfg = Release|Any CPU
		{73C0E578-957D-4DC4-B0DD-8CD3CDB58F77}.Release|Any CPU.Build.0 = Release|Any CPU
		{73C0E578-957D-4DC4-B0DD-8CD3CDB58F77}.Release|x64.ActiveCfg = Release|Any CPU
		{73C0E578-957D-4DC4-B0DD-8CD3CDB58F77}.Release|x64.Build.0 = Release|Any CPU
		{73C0E578-957D-4DC4-B0DD-8CD3CDB58F77}.Release|x86.ActiveCfg = Release|Any CPU
		{73C0E578-957D-4DC4-B0DD-8CD3CDB58F77}.Release|x86.Build.0 = Release|Any CPU
		{25CD5116-7133-4458-A8A9-569B274B3AB9}.Debug|Any CPU.ActiveCfg = Debug|Any CPU
		{25CD5116-7133-4458-A8A9-569B274B3AB9}.Debug|Any CPU.Build.0 = Debug|Any CPU
		{25CD5116-7133-4458-A8A9-569B274B3AB9}.Debug|x64.ActiveCfg = Debug|Any CPU
		{25CD5116-7133-4458-A8A9-569B274B3AB9}.Debug|x64.Build.0 = Debug|Any CPU
		{25CD5116-7133-4458-A8A9-569B274B3AB9}.Debug|x86.ActiveCfg = Debug|Any CPU
		{25CD5116-7133-4458-A8A9-569B274B3AB9}.Debug|x86.Build.0 = Debug|Any CPU
		{25CD5116-7133-4458-A8A9-569B274B3AB9}.Release|Any CPU.ActiveCfg = Release|Any CPU
		{25CD5116-7133-4458-A8A9-569B274B3AB9}.Release|Any CPU.Build.0 = Release|Any CPU
		{25CD5116-7133-4458-A8A9-569B274B3AB9}.Release|x64.ActiveCfg = Release|Any CPU
		{25CD5116-7133-4458-A8A9-569B274B3AB9}.Release|x64.Build.0 = Release|Any CPU
		{25CD5116-7133-4458-A8A9-569B274B3AB9}.Release|x86.ActiveCfg = Release|Any CPU
		{25CD5116-7133-4458-A8A9-569B274B3AB9}.Release|x86.Build.0 = Release|Any CPU
		{6C83F25F-A18E-43A4-861C-42692505B266}.Debug|Any CPU.ActiveCfg = Debug|Any CPU
		{6C83F25F-A18E-43A4-861C-42692505B266}.Debug|Any CPU.Build.0 = Debug|Any CPU
		{6C83F25F-A18E-43A4-861C-42692505B266}.Debug|x64.ActiveCfg = Debug|Any CPU
		{6C83F25F-A18E-43A4-861C-42692505B266}.Debug|x64.Build.0 = Debug|Any CPU
		{6C83F25F-A18E-43A4-861C-42692505B266}.Debug|x86.ActiveCfg = Debug|Any CPU
		{6C83F25F-A18E-43A4-861C-42692505B266}.Debug|x86.Build.0 = Debug|Any CPU
		{6C83F25F-A18E-43A4-861C-42692505B266}.Release|Any CPU.ActiveCfg = Release|Any CPU
		{6C83F25F-A18E-43A4-861C-42692505B266}.Release|Any CPU.Build.0 = Release|Any CPU
		{6C83F25F-A18E-43A4-861C-42692505B266}.Release|x64.ActiveCfg = Release|Any CPU
		{6C83F25F-A18E-43A4-861C-42692505B266}.Release|x64.Build.0 = Release|Any CPU
		{6C83F25F-A18E-43A4-861C-42692505B266}.Release|x86.ActiveCfg = Release|Any CPU
		{6C83F25F-A18E-43A4-861C-42692505B266}.Release|x86.Build.0 = Release|Any CPU
		{498C25E1-26F7-4F2F-A02D-7963D35FDA83}.Debug|Any CPU.ActiveCfg = Debug|Any CPU
		{498C25E1-26F7-4F2F-A02D-7963D35FDA83}.Debug|Any CPU.Build.0 = Debug|Any CPU
		{498C25E1-26F7-4F2F-A02D-7963D35FDA83}.Debug|x64.ActiveCfg = Debug|Any CPU
		{498C25E1-26F7-4F2F-A02D-7963D35FDA83}.Debug|x64.Build.0 = Debug|Any CPU
		{498C25E1-26F7-4F2F-A02D-7963D35FDA83}.Debug|x86.ActiveCfg = Debug|Any CPU
		{498C25E1-26F7-4F2F-A02D-7963D35FDA83}.Debug|x86.Build.0 = Debug|Any CPU
		{498C25E1-26F7-4F2F-A02D-7963D35FDA83}.Release|Any CPU.ActiveCfg = Release|Any CPU
		{498C25E1-26F7-4F2F-A02D-7963D35FDA83}.Release|Any CPU.Build.0 = Release|Any CPU
		{498C25E1-26F7-4F2F-A02D-7963D35FDA83}.Release|x64.ActiveCfg = Release|Any CPU
		{498C25E1-26F7-4F2F-A02D-7963D35FDA83}.Release|x64.Build.0 = Release|Any CPU
		{498C25E1-26F7-4F2F-A02D-7963D35FDA83}.Release|x86.ActiveCfg = Release|Any CPU
		{498C25E1-26F7-4F2F-A02D-7963D35FDA83}.Release|x86.Build.0 = Release|Any CPU
		{59F13C33-12EA-468F-8E92-9F3CC41C5F5D}.Debug|Any CPU.ActiveCfg = Debug|Any CPU
		{59F13C33-12EA-468F-8E92-9F3CC41C5F5D}.Debug|Any CPU.Build.0 = Debug|Any CPU
		{59F13C33-12EA-468F-8E92-9F3CC41C5F5D}.Debug|x64.ActiveCfg = Debug|Any CPU
		{59F13C33-12EA-468F-8E92-9F3CC41C5F5D}.Debug|x64.Build.0 = Debug|Any CPU
		{59F13C33-12EA-468F-8E92-9F3CC41C5F5D}.Debug|x86.ActiveCfg = Debug|Any CPU
		{59F13C33-12EA-468F-8E92-9F3CC41C5F5D}.Debug|x86.Build.0 = Debug|Any CPU
		{59F13C33-12EA-468F-8E92-9F3CC41C5F5D}.Release|Any CPU.ActiveCfg = Release|Any CPU
		{59F13C33-12EA-468F-8E92-9F3CC41C5F5D}.Release|Any CPU.Build.0 = Release|Any CPU
		{59F13C33-12EA-468F-8E92-9F3CC41C5F5D}.Release|x64.ActiveCfg = Release|Any CPU
		{59F13C33-12EA-468F-8E92-9F3CC41C5F5D}.Release|x64.Build.0 = Release|Any CPU
		{59F13C33-12EA-468F-8E92-9F3CC41C5F5D}.Release|x86.ActiveCfg = Release|Any CPU
		{59F13C33-12EA-468F-8E92-9F3CC41C5F5D}.Release|x86.Build.0 = Release|Any CPU
		{B33F74D4-821A-4AAD-AE03-104FE3C27F7F}.Debug|Any CPU.ActiveCfg = Debug|Any CPU
		{B33F74D4-821A-4AAD-AE03-104FE3C27F7F}.Debug|Any CPU.Build.0 = Debug|Any CPU
		{B33F74D4-821A-4AAD-AE03-104FE3C27F7F}.Debug|x64.ActiveCfg = Debug|Any CPU
		{B33F74D4-821A-4AAD-AE03-104FE3C27F7F}.Debug|x64.Build.0 = Debug|Any CPU
		{B33F74D4-821A-4AAD-AE03-104FE3C27F7F}.Debug|x86.ActiveCfg = Debug|Any CPU
		{B33F74D4-821A-4AAD-AE03-104FE3C27F7F}.Debug|x86.Build.0 = Debug|Any CPU
		{B33F74D4-821A-4AAD-AE03-104FE3C27F7F}.Release|Any CPU.ActiveCfg = Release|Any CPU
		{B33F74D4-821A-4AAD-AE03-104FE3C27F7F}.Release|Any CPU.Build.0 = Release|Any CPU
		{B33F74D4-821A-4AAD-AE03-104FE3C27F7F}.Release|x64.ActiveCfg = Release|Any CPU
		{B33F74D4-821A-4AAD-AE03-104FE3C27F7F}.Release|x64.Build.0 = Release|Any CPU
		{B33F74D4-821A-4AAD-AE03-104FE3C27F7F}.Release|x86.ActiveCfg = Release|Any CPU
		{B33F74D4-821A-4AAD-AE03-104FE3C27F7F}.Release|x86.Build.0 = Release|Any CPU
		{B5AFAFA8-B972-41D5-A883-6F8DF71E7874}.Debug|Any CPU.ActiveCfg = Debug|Any CPU
		{B5AFAFA8-B972-41D5-A883-6F8DF71E7874}.Debug|Any CPU.Build.0 = Debug|Any CPU
		{B5AFAFA8-B972-41D5-A883-6F8DF71E7874}.Debug|x64.ActiveCfg = Debug|Any CPU
		{B5AFAFA8-B972-41D5-A883-6F8DF71E7874}.Debug|x64.Build.0 = Debug|Any CPU
		{B5AFAFA8-B972-41D5-A883-6F8DF71E7874}.Debug|x86.ActiveCfg = Debug|Any CPU
		{B5AFAFA8-B972-41D5-A883-6F8DF71E7874}.Debug|x86.Build.0 = Debug|Any CPU
		{B5AFAFA8-B972-41D5-A883-6F8DF71E7874}.Release|Any CPU.ActiveCfg = Release|Any CPU
		{B5AFAFA8-B972-41D5-A883-6F8DF71E7874}.Release|Any CPU.Build.0 = Release|Any CPU
		{B5AFAFA8-B972-41D5-A883-6F8DF71E7874}.Release|x64.ActiveCfg = Release|Any CPU
		{B5AFAFA8-B972-41D5-A883-6F8DF71E7874}.Release|x64.Build.0 = Release|Any CPU
		{B5AFAFA8-B972-41D5-A883-6F8DF71E7874}.Release|x86.ActiveCfg = Release|Any CPU
		{B5AFAFA8-B972-41D5-A883-6F8DF71E7874}.Release|x86.Build.0 = Release|Any CPU
		{97A6B6BA-1131-491E-AED0-E72B1683C1CF}.Debug|Any CPU.ActiveCfg = Debug|Any CPU
		{97A6B6BA-1131-491E-AED0-E72B1683C1CF}.Debug|Any CPU.Build.0 = Debug|Any CPU
		{97A6B6BA-1131-491E-AED0-E72B1683C1CF}.Debug|x64.ActiveCfg = Debug|Any CPU
		{97A6B6BA-1131-491E-AED0-E72B1683C1CF}.Debug|x64.Build.0 = Debug|Any CPU
		{97A6B6BA-1131-491E-AED0-E72B1683C1CF}.Debug|x86.ActiveCfg = Debug|Any CPU
		{97A6B6BA-1131-491E-AED0-E72B1683C1CF}.Debug|x86.Build.0 = Debug|Any CPU
		{97A6B6BA-1131-491E-AED0-E72B1683C1CF}.Release|Any CPU.ActiveCfg = Release|Any CPU
		{97A6B6BA-1131-491E-AED0-E72B1683C1CF}.Release|Any CPU.Build.0 = Release|Any CPU
		{97A6B6BA-1131-491E-AED0-E72B1683C1CF}.Release|x64.ActiveCfg = Release|Any CPU
		{97A6B6BA-1131-491E-AED0-E72B1683C1CF}.Release|x64.Build.0 = Release|Any CPU
		{97A6B6BA-1131-491E-AED0-E72B1683C1CF}.Release|x86.ActiveCfg = Release|Any CPU
		{97A6B6BA-1131-491E-AED0-E72B1683C1CF}.Release|x86.Build.0 = Release|Any CPU
		{8ED2A449-D0CB-4893-B7E7-BDFCE63EF4A2}.Debug|Any CPU.ActiveCfg = Debug|Any CPU
		{8ED2A449-D0CB-4893-B7E7-BDFCE63EF4A2}.Debug|Any CPU.Build.0 = Debug|Any CPU
		{8ED2A449-D0CB-4893-B7E7-BDFCE63EF4A2}.Debug|x64.ActiveCfg = Debug|Any CPU
		{8ED2A449-D0CB-4893-B7E7-BDFCE63EF4A2}.Debug|x64.Build.0 = Debug|Any CPU
		{8ED2A449-D0CB-4893-B7E7-BDFCE63EF4A2}.Debug|x86.ActiveCfg = Debug|Any CPU
		{8ED2A449-D0CB-4893-B7E7-BDFCE63EF4A2}.Debug|x86.Build.0 = Debug|Any CPU
		{8ED2A449-D0CB-4893-B7E7-BDFCE63EF4A2}.Release|Any CPU.ActiveCfg = Release|Any CPU
		{8ED2A449-D0CB-4893-B7E7-BDFCE63EF4A2}.Release|Any CPU.Build.0 = Release|Any CPU
		{8ED2A449-D0CB-4893-B7E7-BDFCE63EF4A2}.Release|x64.ActiveCfg = Release|Any CPU
		{8ED2A449-D0CB-4893-B7E7-BDFCE63EF4A2}.Release|x64.Build.0 = Release|Any CPU
		{8ED2A449-D0CB-4893-B7E7-BDFCE63EF4A2}.Release|x86.ActiveCfg = Release|Any CPU
		{8ED2A449-D0CB-4893-B7E7-BDFCE63EF4A2}.Release|x86.Build.0 = Release|Any CPU
		{35E5F0EC-8A8A-443E-80F7-88C6DDFDB647}.Debug|Any CPU.ActiveCfg = Debug|Any CPU
		{35E5F0EC-8A8A-443E-80F7-88C6DDFDB647}.Debug|Any CPU.Build.0 = Debug|Any CPU
		{35E5F0EC-8A8A-443E-80F7-88C6DDFDB647}.Debug|x64.ActiveCfg = Debug|Any CPU
		{35E5F0EC-8A8A-443E-80F7-88C6DDFDB647}.Debug|x64.Build.0 = Debug|Any CPU
		{35E5F0EC-8A8A-443E-80F7-88C6DDFDB647}.Debug|x86.ActiveCfg = Debug|Any CPU
		{35E5F0EC-8A8A-443E-80F7-88C6DDFDB647}.Debug|x86.Build.0 = Debug|Any CPU
		{35E5F0EC-8A8A-443E-80F7-88C6DDFDB647}.Release|Any CPU.ActiveCfg = Release|Any CPU
		{35E5F0EC-8A8A-443E-80F7-88C6DDFDB647}.Release|Any CPU.Build.0 = Release|Any CPU
		{35E5F0EC-8A8A-443E-80F7-88C6DDFDB647}.Release|x64.ActiveCfg = Release|Any CPU
		{35E5F0EC-8A8A-443E-80F7-88C6DDFDB647}.Release|x64.Build.0 = Release|Any CPU
		{35E5F0EC-8A8A-443E-80F7-88C6DDFDB647}.Release|x86.ActiveCfg = Release|Any CPU
		{35E5F0EC-8A8A-443E-80F7-88C6DDFDB647}.Release|x86.Build.0 = Release|Any CPU
		{4FFC56DE-F6BB-41B2-A0AE-D1469A788B16}.Debug|Any CPU.ActiveCfg = Debug|Any CPU
		{4FFC56DE-F6BB-41B2-A0AE-D1469A788B16}.Debug|Any CPU.Build.0 = Debug|Any CPU
		{4FFC56DE-F6BB-41B2-A0AE-D1469A788B16}.Debug|x64.ActiveCfg = Debug|Any CPU
		{4FFC56DE-F6BB-41B2-A0AE-D1469A788B16}.Debug|x64.Build.0 = Debug|Any CPU
		{4FFC56DE-F6BB-41B2-A0AE-D1469A788B16}.Debug|x86.ActiveCfg = Debug|Any CPU
		{4FFC56DE-F6BB-41B2-A0AE-D1469A788B16}.Debug|x86.Build.0 = Debug|Any CPU
		{4FFC56DE-F6BB-41B2-A0AE-D1469A788B16}.Release|Any CPU.ActiveCfg = Release|Any CPU
		{4FFC56DE-F6BB-41B2-A0AE-D1469A788B16}.Release|Any CPU.Build.0 = Release|Any CPU
		{4FFC56DE-F6BB-41B2-A0AE-D1469A788B16}.Release|x64.ActiveCfg = Release|Any CPU
		{4FFC56DE-F6BB-41B2-A0AE-D1469A788B16}.Release|x64.Build.0 = Release|Any CPU
		{4FFC56DE-F6BB-41B2-A0AE-D1469A788B16}.Release|x86.ActiveCfg = Release|Any CPU
		{4FFC56DE-F6BB-41B2-A0AE-D1469A788B16}.Release|x86.Build.0 = Release|Any CPU
		{F286B1CD-6153-4DC6-B70B-70EA74D2593C}.Debug|Any CPU.ActiveCfg = Debug|Any CPU
		{F286B1CD-6153-4DC6-B70B-70EA74D2593C}.Debug|Any CPU.Build.0 = Debug|Any CPU
		{F286B1CD-6153-4DC6-B70B-70EA74D2593C}.Debug|x64.ActiveCfg = Debug|Any CPU
		{F286B1CD-6153-4DC6-B70B-70EA74D2593C}.Debug|x64.Build.0 = Debug|Any CPU
		{F286B1CD-6153-4DC6-B70B-70EA74D2593C}.Debug|x86.ActiveCfg = Debug|Any CPU
		{F286B1CD-6153-4DC6-B70B-70EA74D2593C}.Debug|x86.Build.0 = Debug|Any CPU
		{F286B1CD-6153-4DC6-B70B-70EA74D2593C}.Release|Any CPU.ActiveCfg = Release|Any CPU
		{F286B1CD-6153-4DC6-B70B-70EA74D2593C}.Release|Any CPU.Build.0 = Release|Any CPU
		{F286B1CD-6153-4DC6-B70B-70EA74D2593C}.Release|x64.ActiveCfg = Release|Any CPU
		{F286B1CD-6153-4DC6-B70B-70EA74D2593C}.Release|x64.Build.0 = Release|Any CPU
		{F286B1CD-6153-4DC6-B70B-70EA74D2593C}.Release|x86.ActiveCfg = Release|Any CPU
		{F286B1CD-6153-4DC6-B70B-70EA74D2593C}.Release|x86.Build.0 = Release|Any CPU
		{C9196E4C-C42B-4D27-A6EF-9CC5BFA4C934}.Debug|Any CPU.ActiveCfg = Debug|Any CPU
		{C9196E4C-C42B-4D27-A6EF-9CC5BFA4C934}.Debug|Any CPU.Build.0 = Debug|Any CPU
		{C9196E4C-C42B-4D27-A6EF-9CC5BFA4C934}.Debug|x64.ActiveCfg = Debug|Any CPU
		{C9196E4C-C42B-4D27-A6EF-9CC5BFA4C934}.Debug|x64.Build.0 = Debug|Any CPU
		{C9196E4C-C42B-4D27-A6EF-9CC5BFA4C934}.Debug|x86.ActiveCfg = Debug|Any CPU
		{C9196E4C-C42B-4D27-A6EF-9CC5BFA4C934}.Debug|x86.Build.0 = Debug|Any CPU
		{C9196E4C-C42B-4D27-A6EF-9CC5BFA4C934}.Release|Any CPU.ActiveCfg = Release|Any CPU
		{C9196E4C-C42B-4D27-A6EF-9CC5BFA4C934}.Release|Any CPU.Build.0 = Release|Any CPU
		{C9196E4C-C42B-4D27-A6EF-9CC5BFA4C934}.Release|x64.ActiveCfg = Release|Any CPU
		{C9196E4C-C42B-4D27-A6EF-9CC5BFA4C934}.Release|x64.Build.0 = Release|Any CPU
		{C9196E4C-C42B-4D27-A6EF-9CC5BFA4C934}.Release|x86.ActiveCfg = Release|Any CPU
		{C9196E4C-C42B-4D27-A6EF-9CC5BFA4C934}.Release|x86.Build.0 = Release|Any CPU
		{5C09C88B-834D-4481-91C6-FA007588DEF0}.Debug|Any CPU.ActiveCfg = Debug|Any CPU
		{5C09C88B-834D-4481-91C6-FA007588DEF0}.Debug|Any CPU.Build.0 = Debug|Any CPU
		{5C09C88B-834D-4481-91C6-FA007588DEF0}.Debug|x64.ActiveCfg = Debug|Any CPU
		{5C09C88B-834D-4481-91C6-FA007588DEF0}.Debug|x64.Build.0 = Debug|Any CPU
		{5C09C88B-834D-4481-91C6-FA007588DEF0}.Debug|x86.ActiveCfg = Debug|Any CPU
		{5C09C88B-834D-4481-91C6-FA007588DEF0}.Debug|x86.Build.0 = Debug|Any CPU
		{5C09C88B-834D-4481-91C6-FA007588DEF0}.Release|Any CPU.ActiveCfg = Release|Any CPU
		{5C09C88B-834D-4481-91C6-FA007588DEF0}.Release|Any CPU.Build.0 = Release|Any CPU
		{5C09C88B-834D-4481-91C6-FA007588DEF0}.Release|x64.ActiveCfg = Release|Any CPU
		{5C09C88B-834D-4481-91C6-FA007588DEF0}.Release|x64.Build.0 = Release|Any CPU
		{5C09C88B-834D-4481-91C6-FA007588DEF0}.Release|x86.ActiveCfg = Release|Any CPU
		{5C09C88B-834D-4481-91C6-FA007588DEF0}.Release|x86.Build.0 = Release|Any CPU
		{D42B2A85-7B82-408E-BD1C-C3E459B059B0}.Debug|Any CPU.ActiveCfg = Debug|Any CPU
		{D42B2A85-7B82-408E-BD1C-C3E459B059B0}.Debug|Any CPU.Build.0 = Debug|Any CPU
		{D42B2A85-7B82-408E-BD1C-C3E459B059B0}.Debug|x64.ActiveCfg = Debug|Any CPU
		{D42B2A85-7B82-408E-BD1C-C3E459B059B0}.Debug|x64.Build.0 = Debug|Any CPU
		{D42B2A85-7B82-408E-BD1C-C3E459B059B0}.Debug|x86.ActiveCfg = Debug|Any CPU
		{D42B2A85-7B82-408E-BD1C-C3E459B059B0}.Debug|x86.Build.0 = Debug|Any CPU
		{D42B2A85-7B82-408E-BD1C-C3E459B059B0}.Release|Any CPU.ActiveCfg = Release|Any CPU
		{D42B2A85-7B82-408E-BD1C-C3E459B059B0}.Release|Any CPU.Build.0 = Release|Any CPU
		{D42B2A85-7B82-408E-BD1C-C3E459B059B0}.Release|x64.ActiveCfg = Release|Any CPU
		{D42B2A85-7B82-408E-BD1C-C3E459B059B0}.Release|x64.Build.0 = Release|Any CPU
		{D42B2A85-7B82-408E-BD1C-C3E459B059B0}.Release|x86.ActiveCfg = Release|Any CPU
		{D42B2A85-7B82-408E-BD1C-C3E459B059B0}.Release|x86.Build.0 = Release|Any CPU
		{0F1FAE38-EE7C-46D0-AC4B-C4107552F872}.Debug|Any CPU.ActiveCfg = Debug|Any CPU
		{0F1FAE38-EE7C-46D0-AC4B-C4107552F872}.Debug|Any CPU.Build.0 = Debug|Any CPU
		{0F1FAE38-EE7C-46D0-AC4B-C4107552F872}.Debug|x64.ActiveCfg = Debug|Any CPU
		{0F1FAE38-EE7C-46D0-AC4B-C4107552F872}.Debug|x64.Build.0 = Debug|Any CPU
		{0F1FAE38-EE7C-46D0-AC4B-C4107552F872}.Debug|x86.ActiveCfg = Debug|Any CPU
		{0F1FAE38-EE7C-46D0-AC4B-C4107552F872}.Debug|x86.Build.0 = Debug|Any CPU
		{0F1FAE38-EE7C-46D0-AC4B-C4107552F872}.Release|Any CPU.ActiveCfg = Release|Any CPU
		{0F1FAE38-EE7C-46D0-AC4B-C4107552F872}.Release|Any CPU.Build.0 = Release|Any CPU
		{0F1FAE38-EE7C-46D0-AC4B-C4107552F872}.Release|x64.ActiveCfg = Release|Any CPU
		{0F1FAE38-EE7C-46D0-AC4B-C4107552F872}.Release|x64.Build.0 = Release|Any CPU
		{0F1FAE38-EE7C-46D0-AC4B-C4107552F872}.Release|x86.ActiveCfg = Release|Any CPU
		{0F1FAE38-EE7C-46D0-AC4B-C4107552F872}.Release|x86.Build.0 = Release|Any CPU
		{BF2B3172-CCCE-400C-B4C3-0A783BF529E5}.Debug|Any CPU.ActiveCfg = Debug|Any CPU
		{BF2B3172-CCCE-400C-B4C3-0A783BF529E5}.Debug|Any CPU.Build.0 = Debug|Any CPU
		{BF2B3172-CCCE-400C-B4C3-0A783BF529E5}.Debug|x64.ActiveCfg = Debug|Any CPU
		{BF2B3172-CCCE-400C-B4C3-0A783BF529E5}.Debug|x64.Build.0 = Debug|Any CPU
		{BF2B3172-CCCE-400C-B4C3-0A783BF529E5}.Debug|x86.ActiveCfg = Debug|Any CPU
		{BF2B3172-CCCE-400C-B4C3-0A783BF529E5}.Debug|x86.Build.0 = Debug|Any CPU
		{BF2B3172-CCCE-400C-B4C3-0A783BF529E5}.Release|Any CPU.ActiveCfg = Release|Any CPU
		{BF2B3172-CCCE-400C-B4C3-0A783BF529E5}.Release|Any CPU.Build.0 = Release|Any CPU
		{BF2B3172-CCCE-400C-B4C3-0A783BF529E5}.Release|x64.ActiveCfg = Release|Any CPU
		{BF2B3172-CCCE-400C-B4C3-0A783BF529E5}.Release|x64.Build.0 = Release|Any CPU
		{BF2B3172-CCCE-400C-B4C3-0A783BF529E5}.Release|x86.ActiveCfg = Release|Any CPU
		{BF2B3172-CCCE-400C-B4C3-0A783BF529E5}.Release|x86.Build.0 = Release|Any CPU
		{02E4606C-4FCC-4393-B705-9B5BACB3F4D0}.Debug|Any CPU.ActiveCfg = Debug|Any CPU
		{02E4606C-4FCC-4393-B705-9B5BACB3F4D0}.Debug|Any CPU.Build.0 = Debug|Any CPU
		{02E4606C-4FCC-4393-B705-9B5BACB3F4D0}.Debug|x64.ActiveCfg = Debug|Any CPU
		{02E4606C-4FCC-4393-B705-9B5BACB3F4D0}.Debug|x64.Build.0 = Debug|Any CPU
		{02E4606C-4FCC-4393-B705-9B5BACB3F4D0}.Debug|x86.ActiveCfg = Debug|Any CPU
		{02E4606C-4FCC-4393-B705-9B5BACB3F4D0}.Debug|x86.Build.0 = Debug|Any CPU
		{02E4606C-4FCC-4393-B705-9B5BACB3F4D0}.Release|Any CPU.ActiveCfg = Release|Any CPU
		{02E4606C-4FCC-4393-B705-9B5BACB3F4D0}.Release|Any CPU.Build.0 = Release|Any CPU
		{02E4606C-4FCC-4393-B705-9B5BACB3F4D0}.Release|x64.ActiveCfg = Release|Any CPU
		{02E4606C-4FCC-4393-B705-9B5BACB3F4D0}.Release|x64.Build.0 = Release|Any CPU
		{02E4606C-4FCC-4393-B705-9B5BACB3F4D0}.Release|x86.ActiveCfg = Release|Any CPU
		{02E4606C-4FCC-4393-B705-9B5BACB3F4D0}.Release|x86.Build.0 = Release|Any CPU
		{37D5B071-39DE-4D6B-8AF2-9930FC9567AE}.Debug|Any CPU.ActiveCfg = Debug|Any CPU
		{37D5B071-39DE-4D6B-8AF2-9930FC9567AE}.Debug|Any CPU.Build.0 = Debug|Any CPU
		{37D5B071-39DE-4D6B-8AF2-9930FC9567AE}.Debug|x64.ActiveCfg = Debug|Any CPU
		{37D5B071-39DE-4D6B-8AF2-9930FC9567AE}.Debug|x64.Build.0 = Debug|Any CPU
		{37D5B071-39DE-4D6B-8AF2-9930FC9567AE}.Debug|x86.ActiveCfg = Debug|Any CPU
		{37D5B071-39DE-4D6B-8AF2-9930FC9567AE}.Debug|x86.Build.0 = Debug|Any CPU
		{37D5B071-39DE-4D6B-8AF2-9930FC9567AE}.Release|Any CPU.ActiveCfg = Release|Any CPU
		{37D5B071-39DE-4D6B-8AF2-9930FC9567AE}.Release|Any CPU.Build.0 = Release|Any CPU
		{37D5B071-39DE-4D6B-8AF2-9930FC9567AE}.Release|x64.ActiveCfg = Release|Any CPU
		{37D5B071-39DE-4D6B-8AF2-9930FC9567AE}.Release|x64.Build.0 = Release|Any CPU
		{37D5B071-39DE-4D6B-8AF2-9930FC9567AE}.Release|x86.ActiveCfg = Release|Any CPU
		{37D5B071-39DE-4D6B-8AF2-9930FC9567AE}.Release|x86.Build.0 = Release|Any CPU
		{1631A219-AA91-470E-B74A-5CE336E1B83F}.Debug|Any CPU.ActiveCfg = Debug|Any CPU
		{1631A219-AA91-470E-B74A-5CE336E1B83F}.Debug|Any CPU.Build.0 = Debug|Any CPU
		{1631A219-AA91-470E-B74A-5CE336E1B83F}.Debug|x64.ActiveCfg = Debug|Any CPU
		{1631A219-AA91-470E-B74A-5CE336E1B83F}.Debug|x64.Build.0 = Debug|Any CPU
		{1631A219-AA91-470E-B74A-5CE336E1B83F}.Debug|x86.ActiveCfg = Debug|Any CPU
		{1631A219-AA91-470E-B74A-5CE336E1B83F}.Debug|x86.Build.0 = Debug|Any CPU
		{1631A219-AA91-470E-B74A-5CE336E1B83F}.Release|Any CPU.ActiveCfg = Release|Any CPU
		{1631A219-AA91-470E-B74A-5CE336E1B83F}.Release|Any CPU.Build.0 = Release|Any CPU
		{1631A219-AA91-470E-B74A-5CE336E1B83F}.Release|x64.ActiveCfg = Release|Any CPU
		{1631A219-AA91-470E-B74A-5CE336E1B83F}.Release|x64.Build.0 = Release|Any CPU
		{1631A219-AA91-470E-B74A-5CE336E1B83F}.Release|x86.ActiveCfg = Release|Any CPU
		{1631A219-AA91-470E-B74A-5CE336E1B83F}.Release|x86.Build.0 = Release|Any CPU
		{152421A5-7487-4F38-AAC1-857814106555}.Debug|Any CPU.ActiveCfg = Debug|Any CPU
		{152421A5-7487-4F38-AAC1-857814106555}.Debug|Any CPU.Build.0 = Debug|Any CPU
		{152421A5-7487-4F38-AAC1-857814106555}.Debug|x64.ActiveCfg = Debug|Any CPU
		{152421A5-7487-4F38-AAC1-857814106555}.Debug|x64.Build.0 = Debug|Any CPU
		{152421A5-7487-4F38-AAC1-857814106555}.Debug|x86.ActiveCfg = Debug|Any CPU
		{152421A5-7487-4F38-AAC1-857814106555}.Debug|x86.Build.0 = Debug|Any CPU
		{152421A5-7487-4F38-AAC1-857814106555}.Release|Any CPU.ActiveCfg = Release|Any CPU
		{152421A5-7487-4F38-AAC1-857814106555}.Release|Any CPU.Build.0 = Release|Any CPU
		{152421A5-7487-4F38-AAC1-857814106555}.Release|x64.ActiveCfg = Release|Any CPU
		{152421A5-7487-4F38-AAC1-857814106555}.Release|x64.Build.0 = Release|Any CPU
		{152421A5-7487-4F38-AAC1-857814106555}.Release|x86.ActiveCfg = Release|Any CPU
		{152421A5-7487-4F38-AAC1-857814106555}.Release|x86.Build.0 = Release|Any CPU
		{5694C162-0226-492C-8BDD-BCD3FCD821DE}.Debug|Any CPU.ActiveCfg = Debug|Any CPU
		{5694C162-0226-492C-8BDD-BCD3FCD821DE}.Debug|Any CPU.Build.0 = Debug|Any CPU
		{5694C162-0226-492C-8BDD-BCD3FCD821DE}.Debug|x64.ActiveCfg = Debug|Any CPU
		{5694C162-0226-492C-8BDD-BCD3FCD821DE}.Debug|x64.Build.0 = Debug|Any CPU
		{5694C162-0226-492C-8BDD-BCD3FCD821DE}.Debug|x86.ActiveCfg = Debug|Any CPU
		{5694C162-0226-492C-8BDD-BCD3FCD821DE}.Debug|x86.Build.0 = Debug|Any CPU
		{5694C162-0226-492C-8BDD-BCD3FCD821DE}.Release|Any CPU.ActiveCfg = Release|Any CPU
		{5694C162-0226-492C-8BDD-BCD3FCD821DE}.Release|Any CPU.Build.0 = Release|Any CPU
		{5694C162-0226-492C-8BDD-BCD3FCD821DE}.Release|x64.ActiveCfg = Release|Any CPU
		{5694C162-0226-492C-8BDD-BCD3FCD821DE}.Release|x64.Build.0 = Release|Any CPU
		{5694C162-0226-492C-8BDD-BCD3FCD821DE}.Release|x86.ActiveCfg = Release|Any CPU
		{5694C162-0226-492C-8BDD-BCD3FCD821DE}.Release|x86.Build.0 = Release|Any CPU
		{A6D3485C-2562-4997-8DBC-DAAB0FC7BA20}.Debug|Any CPU.ActiveCfg = Debug|Any CPU
		{A6D3485C-2562-4997-8DBC-DAAB0FC7BA20}.Debug|Any CPU.Build.0 = Debug|Any CPU
		{A6D3485C-2562-4997-8DBC-DAAB0FC7BA20}.Debug|x64.ActiveCfg = Debug|Any CPU
		{A6D3485C-2562-4997-8DBC-DAAB0FC7BA20}.Debug|x64.Build.0 = Debug|Any CPU
		{A6D3485C-2562-4997-8DBC-DAAB0FC7BA20}.Debug|x86.ActiveCfg = Debug|Any CPU
		{A6D3485C-2562-4997-8DBC-DAAB0FC7BA20}.Debug|x86.Build.0 = Debug|Any CPU
		{A6D3485C-2562-4997-8DBC-DAAB0FC7BA20}.Release|Any CPU.ActiveCfg = Release|Any CPU
		{A6D3485C-2562-4997-8DBC-DAAB0FC7BA20}.Release|Any CPU.Build.0 = Release|Any CPU
		{A6D3485C-2562-4997-8DBC-DAAB0FC7BA20}.Release|x64.ActiveCfg = Release|Any CPU
		{A6D3485C-2562-4997-8DBC-DAAB0FC7BA20}.Release|x64.Build.0 = Release|Any CPU
		{A6D3485C-2562-4997-8DBC-DAAB0FC7BA20}.Release|x86.ActiveCfg = Release|Any CPU
		{A6D3485C-2562-4997-8DBC-DAAB0FC7BA20}.Release|x86.Build.0 = Release|Any CPU
		{1EA73570-DF6F-4859-94DA-7F8176277A0C}.Debug|Any CPU.ActiveCfg = Debug|Any CPU
		{1EA73570-DF6F-4859-94DA-7F8176277A0C}.Debug|Any CPU.Build.0 = Debug|Any CPU
		{1EA73570-DF6F-4859-94DA-7F8176277A0C}.Debug|x64.ActiveCfg = Debug|Any CPU
		{1EA73570-DF6F-4859-94DA-7F8176277A0C}.Debug|x64.Build.0 = Debug|Any CPU
		{1EA73570-DF6F-4859-94DA-7F8176277A0C}.Debug|x86.ActiveCfg = Debug|Any CPU
		{1EA73570-DF6F-4859-94DA-7F8176277A0C}.Debug|x86.Build.0 = Debug|Any CPU
		{1EA73570-DF6F-4859-94DA-7F8176277A0C}.Release|Any CPU.ActiveCfg = Release|Any CPU
		{1EA73570-DF6F-4859-94DA-7F8176277A0C}.Release|Any CPU.Build.0 = Release|Any CPU
		{1EA73570-DF6F-4859-94DA-7F8176277A0C}.Release|x64.ActiveCfg = Release|Any CPU
		{1EA73570-DF6F-4859-94DA-7F8176277A0C}.Release|x64.Build.0 = Release|Any CPU
		{1EA73570-DF6F-4859-94DA-7F8176277A0C}.Release|x86.ActiveCfg = Release|Any CPU
		{1EA73570-DF6F-4859-94DA-7F8176277A0C}.Release|x86.Build.0 = Release|Any CPU
		{ACFF61B8-6421-4259-AEFB-106287F90D7E}.Debug|Any CPU.ActiveCfg = Debug|Any CPU
		{ACFF61B8-6421-4259-AEFB-106287F90D7E}.Debug|Any CPU.Build.0 = Debug|Any CPU
		{ACFF61B8-6421-4259-AEFB-106287F90D7E}.Debug|x64.ActiveCfg = Debug|Any CPU
		{ACFF61B8-6421-4259-AEFB-106287F90D7E}.Debug|x64.Build.0 = Debug|Any CPU
		{ACFF61B8-6421-4259-AEFB-106287F90D7E}.Debug|x86.ActiveCfg = Debug|Any CPU
		{ACFF61B8-6421-4259-AEFB-106287F90D7E}.Debug|x86.Build.0 = Debug|Any CPU
		{ACFF61B8-6421-4259-AEFB-106287F90D7E}.Release|Any CPU.ActiveCfg = Release|Any CPU
		{ACFF61B8-6421-4259-AEFB-106287F90D7E}.Release|Any CPU.Build.0 = Release|Any CPU
		{ACFF61B8-6421-4259-AEFB-106287F90D7E}.Release|x64.ActiveCfg = Release|Any CPU
		{ACFF61B8-6421-4259-AEFB-106287F90D7E}.Release|x64.Build.0 = Release|Any CPU
		{ACFF61B8-6421-4259-AEFB-106287F90D7E}.Release|x86.ActiveCfg = Release|Any CPU
		{ACFF61B8-6421-4259-AEFB-106287F90D7E}.Release|x86.Build.0 = Release|Any CPU
		{0A9947BA-7A21-4EBB-A81D-FD2E59C7AD99}.Debug|Any CPU.ActiveCfg = Debug|Any CPU
		{0A9947BA-7A21-4EBB-A81D-FD2E59C7AD99}.Debug|Any CPU.Build.0 = Debug|Any CPU
		{0A9947BA-7A21-4EBB-A81D-FD2E59C7AD99}.Debug|x64.ActiveCfg = Debug|Any CPU
		{0A9947BA-7A21-4EBB-A81D-FD2E59C7AD99}.Debug|x64.Build.0 = Debug|Any CPU
		{0A9947BA-7A21-4EBB-A81D-FD2E59C7AD99}.Debug|x86.ActiveCfg = Debug|Any CPU
		{0A9947BA-7A21-4EBB-A81D-FD2E59C7AD99}.Debug|x86.Build.0 = Debug|Any CPU
		{0A9947BA-7A21-4EBB-A81D-FD2E59C7AD99}.Release|Any CPU.ActiveCfg = Release|Any CPU
		{0A9947BA-7A21-4EBB-A81D-FD2E59C7AD99}.Release|Any CPU.Build.0 = Release|Any CPU
		{0A9947BA-7A21-4EBB-A81D-FD2E59C7AD99}.Release|x64.ActiveCfg = Release|Any CPU
		{0A9947BA-7A21-4EBB-A81D-FD2E59C7AD99}.Release|x64.Build.0 = Release|Any CPU
		{0A9947BA-7A21-4EBB-A81D-FD2E59C7AD99}.Release|x86.ActiveCfg = Release|Any CPU
		{0A9947BA-7A21-4EBB-A81D-FD2E59C7AD99}.Release|x86.Build.0 = Release|Any CPU
		{932F2686-8946-4990-8A02-89CF179D221C}.Debug|Any CPU.ActiveCfg = Debug|Any CPU
		{932F2686-8946-4990-8A02-89CF179D221C}.Debug|Any CPU.Build.0 = Debug|Any CPU
		{932F2686-8946-4990-8A02-89CF179D221C}.Debug|x64.ActiveCfg = Debug|Any CPU
		{932F2686-8946-4990-8A02-89CF179D221C}.Debug|x64.Build.0 = Debug|Any CPU
		{932F2686-8946-4990-8A02-89CF179D221C}.Debug|x86.ActiveCfg = Debug|Any CPU
		{932F2686-8946-4990-8A02-89CF179D221C}.Debug|x86.Build.0 = Debug|Any CPU
		{932F2686-8946-4990-8A02-89CF179D221C}.Release|Any CPU.ActiveCfg = Release|Any CPU
		{932F2686-8946-4990-8A02-89CF179D221C}.Release|Any CPU.Build.0 = Release|Any CPU
		{932F2686-8946-4990-8A02-89CF179D221C}.Release|x64.ActiveCfg = Release|Any CPU
		{932F2686-8946-4990-8A02-89CF179D221C}.Release|x64.Build.0 = Release|Any CPU
		{932F2686-8946-4990-8A02-89CF179D221C}.Release|x86.ActiveCfg = Release|Any CPU
		{932F2686-8946-4990-8A02-89CF179D221C}.Release|x86.Build.0 = Release|Any CPU
		{DF2A6142-A3D9-4943-B775-F1CAD19795A8}.Debug|Any CPU.ActiveCfg = Debug|Any CPU
		{DF2A6142-A3D9-4943-B775-F1CAD19795A8}.Debug|Any CPU.Build.0 = Debug|Any CPU
		{DF2A6142-A3D9-4943-B775-F1CAD19795A8}.Debug|x64.ActiveCfg = Debug|Any CPU
		{DF2A6142-A3D9-4943-B775-F1CAD19795A8}.Debug|x64.Build.0 = Debug|Any CPU
		{DF2A6142-A3D9-4943-B775-F1CAD19795A8}.Debug|x86.ActiveCfg = Debug|Any CPU
		{DF2A6142-A3D9-4943-B775-F1CAD19795A8}.Debug|x86.Build.0 = Debug|Any CPU
		{DF2A6142-A3D9-4943-B775-F1CAD19795A8}.Release|Any CPU.ActiveCfg = Release|Any CPU
		{DF2A6142-A3D9-4943-B775-F1CAD19795A8}.Release|Any CPU.Build.0 = Release|Any CPU
		{DF2A6142-A3D9-4943-B775-F1CAD19795A8}.Release|x64.ActiveCfg = Release|Any CPU
		{DF2A6142-A3D9-4943-B775-F1CAD19795A8}.Release|x64.Build.0 = Release|Any CPU
		{DF2A6142-A3D9-4943-B775-F1CAD19795A8}.Release|x86.ActiveCfg = Release|Any CPU
		{DF2A6142-A3D9-4943-B775-F1CAD19795A8}.Release|x86.Build.0 = Release|Any CPU
		{9B406718-0CD4-4E37-9554-5397287BD04B}.Debug|Any CPU.ActiveCfg = Debug|Any CPU
		{9B406718-0CD4-4E37-9554-5397287BD04B}.Debug|Any CPU.Build.0 = Debug|Any CPU
		{9B406718-0CD4-4E37-9554-5397287BD04B}.Debug|x64.ActiveCfg = Debug|Any CPU
		{9B406718-0CD4-4E37-9554-5397287BD04B}.Debug|x64.Build.0 = Debug|Any CPU
		{9B406718-0CD4-4E37-9554-5397287BD04B}.Debug|x86.ActiveCfg = Debug|Any CPU
		{9B406718-0CD4-4E37-9554-5397287BD04B}.Debug|x86.Build.0 = Debug|Any CPU
		{9B406718-0CD4-4E37-9554-5397287BD04B}.Release|Any CPU.ActiveCfg = Release|Any CPU
		{9B406718-0CD4-4E37-9554-5397287BD04B}.Release|Any CPU.Build.0 = Release|Any CPU
		{9B406718-0CD4-4E37-9554-5397287BD04B}.Release|x64.ActiveCfg = Release|Any CPU
		{9B406718-0CD4-4E37-9554-5397287BD04B}.Release|x64.Build.0 = Release|Any CPU
		{9B406718-0CD4-4E37-9554-5397287BD04B}.Release|x86.ActiveCfg = Release|Any CPU
		{9B406718-0CD4-4E37-9554-5397287BD04B}.Release|x86.Build.0 = Release|Any CPU
		{8E3EAE70-AA65-4350-B5F9-8D5A764712A7}.Debug|Any CPU.ActiveCfg = Debug|Any CPU
		{8E3EAE70-AA65-4350-B5F9-8D5A764712A7}.Debug|Any CPU.Build.0 = Debug|Any CPU
		{8E3EAE70-AA65-4350-B5F9-8D5A764712A7}.Debug|x64.ActiveCfg = Debug|Any CPU
		{8E3EAE70-AA65-4350-B5F9-8D5A764712A7}.Debug|x64.Build.0 = Debug|Any CPU
		{8E3EAE70-AA65-4350-B5F9-8D5A764712A7}.Debug|x86.ActiveCfg = Debug|Any CPU
		{8E3EAE70-AA65-4350-B5F9-8D5A764712A7}.Debug|x86.Build.0 = Debug|Any CPU
		{8E3EAE70-AA65-4350-B5F9-8D5A764712A7}.Release|Any CPU.ActiveCfg = Release|Any CPU
		{8E3EAE70-AA65-4350-B5F9-8D5A764712A7}.Release|Any CPU.Build.0 = Release|Any CPU
		{8E3EAE70-AA65-4350-B5F9-8D5A764712A7}.Release|x64.ActiveCfg = Release|Any CPU
		{8E3EAE70-AA65-4350-B5F9-8D5A764712A7}.Release|x64.Build.0 = Release|Any CPU
		{8E3EAE70-AA65-4350-B5F9-8D5A764712A7}.Release|x86.ActiveCfg = Release|Any CPU
		{8E3EAE70-AA65-4350-B5F9-8D5A764712A7}.Release|x86.Build.0 = Release|Any CPU
		{DC9728D8-9CA2-4889-9D0C-5A971916A012}.Debug|Any CPU.ActiveCfg = Debug|Any CPU
		{DC9728D8-9CA2-4889-9D0C-5A971916A012}.Debug|Any CPU.Build.0 = Debug|Any CPU
		{DC9728D8-9CA2-4889-9D0C-5A971916A012}.Debug|x64.ActiveCfg = Debug|Any CPU
		{DC9728D8-9CA2-4889-9D0C-5A971916A012}.Debug|x64.Build.0 = Debug|Any CPU
		{DC9728D8-9CA2-4889-9D0C-5A971916A012}.Debug|x86.ActiveCfg = Debug|Any CPU
		{DC9728D8-9CA2-4889-9D0C-5A971916A012}.Debug|x86.Build.0 = Debug|Any CPU
		{DC9728D8-9CA2-4889-9D0C-5A971916A012}.Release|Any CPU.ActiveCfg = Release|Any CPU
		{DC9728D8-9CA2-4889-9D0C-5A971916A012}.Release|Any CPU.Build.0 = Release|Any CPU
		{DC9728D8-9CA2-4889-9D0C-5A971916A012}.Release|x64.ActiveCfg = Release|Any CPU
		{DC9728D8-9CA2-4889-9D0C-5A971916A012}.Release|x64.Build.0 = Release|Any CPU
		{DC9728D8-9CA2-4889-9D0C-5A971916A012}.Release|x86.ActiveCfg = Release|Any CPU
		{DC9728D8-9CA2-4889-9D0C-5A971916A012}.Release|x86.Build.0 = Release|Any CPU
		{21B3015A-AC7F-4AAC-8A50-B573C721D8E9}.Debug|Any CPU.ActiveCfg = Debug|Any CPU
		{21B3015A-AC7F-4AAC-8A50-B573C721D8E9}.Debug|Any CPU.Build.0 = Debug|Any CPU
		{21B3015A-AC7F-4AAC-8A50-B573C721D8E9}.Debug|x64.ActiveCfg = Debug|Any CPU
		{21B3015A-AC7F-4AAC-8A50-B573C721D8E9}.Debug|x64.Build.0 = Debug|Any CPU
		{21B3015A-AC7F-4AAC-8A50-B573C721D8E9}.Debug|x86.ActiveCfg = Debug|Any CPU
		{21B3015A-AC7F-4AAC-8A50-B573C721D8E9}.Debug|x86.Build.0 = Debug|Any CPU
		{21B3015A-AC7F-4AAC-8A50-B573C721D8E9}.Release|Any CPU.ActiveCfg = Release|Any CPU
		{21B3015A-AC7F-4AAC-8A50-B573C721D8E9}.Release|Any CPU.Build.0 = Release|Any CPU
		{21B3015A-AC7F-4AAC-8A50-B573C721D8E9}.Release|x64.ActiveCfg = Release|Any CPU
		{21B3015A-AC7F-4AAC-8A50-B573C721D8E9}.Release|x64.Build.0 = Release|Any CPU
		{21B3015A-AC7F-4AAC-8A50-B573C721D8E9}.Release|x86.ActiveCfg = Release|Any CPU
		{21B3015A-AC7F-4AAC-8A50-B573C721D8E9}.Release|x86.Build.0 = Release|Any CPU
		{D1401FE3-552B-4D16-BB7C-C920BFD86662}.Debug|Any CPU.ActiveCfg = Debug|Any CPU
		{D1401FE3-552B-4D16-BB7C-C920BFD86662}.Debug|Any CPU.Build.0 = Debug|Any CPU
		{D1401FE3-552B-4D16-BB7C-C920BFD86662}.Debug|x64.ActiveCfg = Debug|Any CPU
		{D1401FE3-552B-4D16-BB7C-C920BFD86662}.Debug|x64.Build.0 = Debug|Any CPU
		{D1401FE3-552B-4D16-BB7C-C920BFD86662}.Debug|x86.ActiveCfg = Debug|Any CPU
		{D1401FE3-552B-4D16-BB7C-C920BFD86662}.Debug|x86.Build.0 = Debug|Any CPU
		{D1401FE3-552B-4D16-BB7C-C920BFD86662}.Release|Any CPU.ActiveCfg = Release|Any CPU
		{D1401FE3-552B-4D16-BB7C-C920BFD86662}.Release|Any CPU.Build.0 = Release|Any CPU
		{D1401FE3-552B-4D16-BB7C-C920BFD86662}.Release|x64.ActiveCfg = Release|Any CPU
		{D1401FE3-552B-4D16-BB7C-C920BFD86662}.Release|x64.Build.0 = Release|Any CPU
		{D1401FE3-552B-4D16-BB7C-C920BFD86662}.Release|x86.ActiveCfg = Release|Any CPU
		{D1401FE3-552B-4D16-BB7C-C920BFD86662}.Release|x86.Build.0 = Release|Any CPU
		{2822DE4A-971D-456A-A00B-FC1192D6F6D5}.Debug|Any CPU.ActiveCfg = Debug|Any CPU
		{2822DE4A-971D-456A-A00B-FC1192D6F6D5}.Debug|Any CPU.Build.0 = Debug|Any CPU
		{2822DE4A-971D-456A-A00B-FC1192D6F6D5}.Debug|x64.ActiveCfg = Debug|Any CPU
		{2822DE4A-971D-456A-A00B-FC1192D6F6D5}.Debug|x64.Build.0 = Debug|Any CPU
		{2822DE4A-971D-456A-A00B-FC1192D6F6D5}.Debug|x86.ActiveCfg = Debug|Any CPU
		{2822DE4A-971D-456A-A00B-FC1192D6F6D5}.Debug|x86.Build.0 = Debug|Any CPU
		{2822DE4A-971D-456A-A00B-FC1192D6F6D5}.Release|Any CPU.ActiveCfg = Release|Any CPU
		{2822DE4A-971D-456A-A00B-FC1192D6F6D5}.Release|Any CPU.Build.0 = Release|Any CPU
		{2822DE4A-971D-456A-A00B-FC1192D6F6D5}.Release|x64.ActiveCfg = Release|Any CPU
		{2822DE4A-971D-456A-A00B-FC1192D6F6D5}.Release|x64.Build.0 = Release|Any CPU
		{2822DE4A-971D-456A-A00B-FC1192D6F6D5}.Release|x86.ActiveCfg = Release|Any CPU
		{2822DE4A-971D-456A-A00B-FC1192D6F6D5}.Release|x86.Build.0 = Release|Any CPU
	EndGlobalSection
	GlobalSection(SolutionProperties) = preSolution
		HideSolutionNode = FALSE
	EndGlobalSection
	GlobalSection(NestedProjects) = preSolution
		{32CB49C5-C4D5-4694-B93C-323A27D6A264} = {37F104CF-1E10-C67E-9627-FA3F51CDABB8}
		{3B9D412B-B687-C7C9-6528-E51EAD000F36} = {D25FCF7F-F972-C2B4-E84B-C1EE440C7ACA}
		{FE1102BE-376D-4835-B2DB-2A8CAF6B2065} = {3B9D412B-B687-C7C9-6528-E51EAD000F36}
		{1B041D54-501A-5FB9-201B-7CF5333A88F5} = {D25FCF7F-F972-C2B4-E84B-C1EE440C7ACA}
		{A4149306-78C9-4B59-A6DB-55E577A3B8D4} = {1B041D54-501A-5FB9-201B-7CF5333A88F5}
		{D9C78821-3173-C960-BD90-C480B2024402} = {D25FCF7F-F972-C2B4-E84B-C1EE440C7ACA}
		{4F63646F-BD12-45ED-942E-CA6D1F4C5E91} = {D9C78821-3173-C960-BD90-C480B2024402}
		{1F6BCED8-DB5D-B608-F70F-1FF746F8307A} = {D25FCF7F-F972-C2B4-E84B-C1EE440C7ACA}
		{BC6F01E1-8D06-44FB-B9B7-5DE6C95B4894} = {1F6BCED8-DB5D-B608-F70F-1FF746F8307A}
		{9BA108CE-1CA9-BD5F-E049-7B78C0B7AAE8} = {D25FCF7F-F972-C2B4-E84B-C1EE440C7ACA}
		{73C0E578-957D-4DC4-B0DD-8CD3CDB58F77} = {9BA108CE-1CA9-BD5F-E049-7B78C0B7AAE8}
		{BC3D39E4-7BE6-8FD3-6F87-88FD46EC8496} = {D25FCF7F-F972-C2B4-E84B-C1EE440C7ACA}
		{25CD5116-7133-4458-A8A9-569B274B3AB9} = {BC3D39E4-7BE6-8FD3-6F87-88FD46EC8496}
		{EF2245EE-072D-069A-A30A-62F6D07079E4} = {D25FCF7F-F972-C2B4-E84B-C1EE440C7ACA}
		{6C83F25F-A18E-43A4-861C-42692505B266} = {EF2245EE-072D-069A-A30A-62F6D07079E4}
		{BBBE43FF-FE7F-95A7-E6EE-8DF26DD4E894} = {78DDA25A-7C38-13C4-DE39-740FEE45D7B1}
		{498C25E1-26F7-4F2F-A02D-7963D35FDA83} = {BBBE43FF-FE7F-95A7-E6EE-8DF26DD4E894}
		{11E59A8D-12D2-784F-2F71-20076F16151C} = {78DDA25A-7C38-13C4-DE39-740FEE45D7B1}
		{59F13C33-12EA-468F-8E92-9F3CC41C5F5D} = {11E59A8D-12D2-784F-2F71-20076F16151C}
		{E29C18F4-AEC0-5A65-C17F-97A9ECA0D6CC} = {78DDA25A-7C38-13C4-DE39-740FEE45D7B1}
		{B33F74D4-821A-4AAD-AE03-104FE3C27F7F} = {E29C18F4-AEC0-5A65-C17F-97A9ECA0D6CC}
		{754EFA37-E844-4C2F-FCA2-3F869A70D31F} = {78DDA25A-7C38-13C4-DE39-740FEE45D7B1}
		{B5AFAFA8-B972-41D5-A883-6F8DF71E7874} = {754EFA37-E844-4C2F-FCA2-3F869A70D31F}
		{5759D5B7-70A4-421D-2605-8763211BB200} = {78DDA25A-7C38-13C4-DE39-740FEE45D7B1}
		{97A6B6BA-1131-491E-AED0-E72B1683C1CF} = {5759D5B7-70A4-421D-2605-8763211BB200}
		{6DADDFD8-E313-BE6B-6379-6F1E5533C3E0} = {78DDA25A-7C38-13C4-DE39-740FEE45D7B1}
		{8ED2A449-D0CB-4893-B7E7-BDFCE63EF4A2} = {6DADDFD8-E313-BE6B-6379-6F1E5533C3E0}
		{A5981367-8DF9-2FC1-1272-6B249FB63198} = {78DDA25A-7C38-13C4-DE39-740FEE45D7B1}
		{35E5F0EC-8A8A-443E-80F7-88C6DDFDB647} = {A5981367-8DF9-2FC1-1272-6B249FB63198}
		{7587C046-1E49-6859-D58F-07E3D8EF83C5} = {78DDA25A-7C38-13C4-DE39-740FEE45D7B1}
		{4FFC56DE-F6BB-41B2-A0AE-D1469A788B16} = {7587C046-1E49-6859-D58F-07E3D8EF83C5}
		{10176749-AF19-1B0E-AD22-DF25BE0BCF7B} = {78DDA25A-7C38-13C4-DE39-740FEE45D7B1}
		{F286B1CD-6153-4DC6-B70B-70EA74D2593C} = {10176749-AF19-1B0E-AD22-DF25BE0BCF7B}
		{93BDAD71-8765-84CF-6E1A-0D0ED00A3C6C} = {78DDA25A-7C38-13C4-DE39-740FEE45D7B1}
		{C9196E4C-C42B-4D27-A6EF-9CC5BFA4C934} = {93BDAD71-8765-84CF-6E1A-0D0ED00A3C6C}
		{A47C294F-EBE6-534C-C9AF-1E27BCDC709A} = {78DDA25A-7C38-13C4-DE39-740FEE45D7B1}
		{5C09C88B-834D-4481-91C6-FA007588DEF0} = {A47C294F-EBE6-534C-C9AF-1E27BCDC709A}
		{71797F2A-80C0-2C38-80DA-B72980F6D20D} = {78DDA25A-7C38-13C4-DE39-740FEE45D7B1}
		{D42B2A85-7B82-408E-BD1C-C3E459B059B0} = {71797F2A-80C0-2C38-80DA-B72980F6D20D}
		{BE11573D-3A95-AC86-0B13-78CA7470ED4F} = {015FE221-96B2-289B-A0E8-6E7354784A75}
		{0F1FAE38-EE7C-46D0-AC4B-C4107552F872} = {BE11573D-3A95-AC86-0B13-78CA7470ED4F}
		{3879ECBA-CF3A-ABFA-822D-94CA2A555B7F} = {015FE221-96B2-289B-A0E8-6E7354784A75}
		{BF2B3172-CCCE-400C-B4C3-0A783BF529E5} = {3879ECBA-CF3A-ABFA-822D-94CA2A555B7F}
		{79D3C7B7-4A8B-227E-1AC8-10329EBBE5E1} = {015FE221-96B2-289B-A0E8-6E7354784A75}
		{02E4606C-4FCC-4393-B705-9B5BACB3F4D0} = {79D3C7B7-4A8B-227E-1AC8-10329EBBE5E1}
		{5506E261-27A4-0DA1-620B-600F5F1C1E6B} = {015FE221-96B2-289B-A0E8-6E7354784A75}
		{37D5B071-39DE-4D6B-8AF2-9930FC9567AE} = {5506E261-27A4-0DA1-620B-600F5F1C1E6B}
		{C4B6650B-39C0-D12B-9FCC-EC386F7BDC58} = {015FE221-96B2-289B-A0E8-6E7354784A75}
		{1631A219-AA91-470E-B74A-5CE336E1B83F} = {C4B6650B-39C0-D12B-9FCC-EC386F7BDC58}
		{2507A7CF-0FA9-FA2B-BFDB-87B7688DECD8} = {015FE221-96B2-289B-A0E8-6E7354784A75}
		{152421A5-7487-4F38-AAC1-857814106555} = {2507A7CF-0FA9-FA2B-BFDB-87B7688DECD8}
		{D63FE4AF-B81E-E43F-CE03-D25F6FB6F871} = {015FE221-96B2-289B-A0E8-6E7354784A75}
		{5694C162-0226-492C-8BDD-BCD3FCD821DE} = {D63FE4AF-B81E-E43F-CE03-D25F6FB6F871}
		{6FB478D9-9025-DFAC-D677-4FEAC52A419D} = {015FE221-96B2-289B-A0E8-6E7354784A75}
		{A6D3485C-2562-4997-8DBC-DAAB0FC7BA20} = {6FB478D9-9025-DFAC-D677-4FEAC52A419D}
		{A9236B83-8EA6-E845-7FF6-4E912DAD7D58} = {015FE221-96B2-289B-A0E8-6E7354784A75}
		{1EA73570-DF6F-4859-94DA-7F8176277A0C} = {A9236B83-8EA6-E845-7FF6-4E912DAD7D58}
		{E25189F8-8141-E94B-4EBC-5E4175006C8E} = {015FE221-96B2-289B-A0E8-6E7354784A75}
		{ACFF61B8-6421-4259-AEFB-106287F90D7E} = {E25189F8-8141-E94B-4EBC-5E4175006C8E}
		{7B10C4EA-ECF7-4ADF-C980-4886F38167D8} = {015FE221-96B2-289B-A0E8-6E7354784A75}
		{0A9947BA-7A21-4EBB-A81D-FD2E59C7AD99} = {7B10C4EA-ECF7-4ADF-C980-4886F38167D8}
		{733F49FD-0651-0B6F-8DB4-D479BF189003} = {015FE221-96B2-289B-A0E8-6E7354784A75}
		{932F2686-8946-4990-8A02-89CF179D221C} = {733F49FD-0651-0B6F-8DB4-D479BF189003}
		{DE967DBB-2E91-AAFD-303B-337DE0F193FC} = {015FE221-96B2-289B-A0E8-6E7354784A75}
		{DF2A6142-A3D9-4943-B775-F1CAD19795A8} = {DE967DBB-2E91-AAFD-303B-337DE0F193FC}
		{1751E7B3-2078-DE51-226C-81DF134D831A} = {015FE221-96B2-289B-A0E8-6E7354784A75}
		{9B406718-0CD4-4E37-9554-5397287BD04B} = {1751E7B3-2078-DE51-226C-81DF134D831A}
		{9EEE02A4-2FE6-3889-21C9-12013A174CF4} = {015FE221-96B2-289B-A0E8-6E7354784A75}
		{8E3EAE70-AA65-4350-B5F9-8D5A764712A7} = {9EEE02A4-2FE6-3889-21C9-12013A174CF4}
		{E26DCED0-01E6-0BCB-83BF-4C5A8F150659} = {015FE221-96B2-289B-A0E8-6E7354784A75}
		{DC9728D8-9CA2-4889-9D0C-5A971916A012} = {E26DCED0-01E6-0BCB-83BF-4C5A8F150659}
		{2942E490-10FE-47FA-D5EB-542ED26FF1D6} = {015FE221-96B2-289B-A0E8-6E7354784A75}
		{21B3015A-AC7F-4AAC-8A50-B573C721D8E9} = {2942E490-10FE-47FA-D5EB-542ED26FF1D6}
		{369C0091-EA8E-959F-5D89-13E3AF6DAAE2} = {015FE221-96B2-289B-A0E8-6E7354784A75}
		{D1401FE3-552B-4D16-BB7C-C920BFD86662} = {369C0091-EA8E-959F-5D89-13E3AF6DAAE2}
		{D572FB6E-9FF0-CC6E-4FF7-E2B9419C2F67} = {015FE221-96B2-289B-A0E8-6E7354784A75}
		{2822DE4A-971D-456A-A00B-FC1192D6F6D5} = {D572FB6E-9FF0-CC6E-4FF7-E2B9419C2F67}
	EndGlobalSection
EndGlobal
